// !$*UTF8*$!
{
	archiveVersion = 1;
	classes = {
	};
	objectVersion = 51;
	objects = {

/* Begin PBXBuildFile section */
		040B98DA233A034F00BE752B /* AppDelegate.m in Sources */ = {isa = PBXBuildFile; fileRef = 040B98D9233A034F00BE752B /* AppDelegate.m */; };
		040B98DD233A034F00BE752B /* ViewController.m in Sources */ = {isa = PBXBuildFile; fileRef = 040B98DC233A034F00BE752B /* ViewController.m */; };
		040B98E0233A034F00BE752B /* Main.storyboard in Resources */ = {isa = PBXBuildFile; fileRef = 040B98DE233A034F00BE752B /* Main.storyboard */; };
		040B98E5233A035000BE752B /* Assets.xcassets in Resources */ = {isa = PBXBuildFile; fileRef = 040B98E4233A035000BE752B /* Assets.xcassets */; };
		040B98E8233A035000BE752B /* LaunchScreen.storyboard in Resources */ = {isa = PBXBuildFile; fileRef = 040B98E6233A035000BE752B /* LaunchScreen.storyboard */; };
		040B98EB233A035000BE752B /* main.m in Sources */ = {isa = PBXBuildFile; fileRef = 040B98EA233A035000BE752B /* main.m */; };
		040B9918233A087700BE752B /* SentImagesVC.m in Sources */ = {isa = PBXBuildFile; fileRef = 040B9917233A087700BE752B /* SentImagesVC.m */; };
		040B991F233A241D00BE752B /* ImagesCollectionCell.m in Sources */ = {isa = PBXBuildFile; fileRef = 040B991E233A241D00BE752B /* ImagesCollectionCell.m */; };
		040D2A80233B40120077AF5C /* QuartzCore.framework in Frameworks */ = {isa = PBXBuildFile; fileRef = 040D2A7F233B40120077AF5C /* QuartzCore.framework */; };
		040D2A82233B40190077AF5C /* Security.framework in Frameworks */ = {isa = PBXBuildFile; fileRef = 040D2A81233B40180077AF5C /* Security.framework */; };
		77104E73233BAE6600E09C99 /* Constants.m in Sources */ = {isa = PBXBuildFile; fileRef = 040B9914233A03E600BE752B /* Constants.m */; };
		7751D15F233CDD6900761074 /* NSFileManager+Temp.m in Sources */ = {isa = PBXBuildFile; fileRef = 7751D15E233CDD6900761074 /* NSFileManager+Temp.m */; };
		F58A12E7597407CD68D2A725 /* Pods_Upload_Demo.framework in Frameworks */ = {isa = PBXBuildFile; fileRef = 8C593F773310393476EBA32F /* Pods_Upload_Demo.framework */; };
/* End PBXBuildFile section */

/* Begin PBXFileReference section */
		0073FB5AC9D299AC7741785C /* Pods-Upload-Demo.release.xcconfig */ = {isa = PBXFileReference; includeInIndex = 1; lastKnownFileType = text.xcconfig; name = "Pods-Upload-Demo.release.xcconfig"; path = "Target Support Files/Pods-Upload-Demo/Pods-Upload-Demo.release.xcconfig"; sourceTree = "<group>"; };
		040B98D5233A034F00BE752B /* Upload-Demo.app */ = {isa = PBXFileReference; explicitFileType = wrapper.application; includeInIndex = 0; path = "Upload-Demo.app"; sourceTree = BUILT_PRODUCTS_DIR; };
		040B98D8233A034F00BE752B /* AppDelegate.h */ = {isa = PBXFileReference; lastKnownFileType = sourcecode.c.h; path = AppDelegate.h; sourceTree = "<group>"; };
		040B98D9233A034F00BE752B /* AppDelegate.m */ = {isa = PBXFileReference; lastKnownFileType = sourcecode.c.objc; path = AppDelegate.m; sourceTree = "<group>"; };
		040B98DB233A034F00BE752B /* ViewController.h */ = {isa = PBXFileReference; lastKnownFileType = sourcecode.c.h; path = ViewController.h; sourceTree = "<group>"; };
		040B98DC233A034F00BE752B /* ViewController.m */ = {isa = PBXFileReference; lastKnownFileType = sourcecode.c.objc; path = ViewController.m; sourceTree = "<group>"; };
		040B98DF233A034F00BE752B /* Base */ = {isa = PBXFileReference; lastKnownFileType = file.storyboard; name = Base; path = Base.lproj/Main.storyboard; sourceTree = "<group>"; };
		040B98E4233A035000BE752B /* Assets.xcassets */ = {isa = PBXFileReference; lastKnownFileType = folder.assetcatalog; path = Assets.xcassets; sourceTree = "<group>"; };
		040B98E7233A035000BE752B /* Base */ = {isa = PBXFileReference; lastKnownFileType = file.storyboard; name = Base; path = Base.lproj/LaunchScreen.storyboard; sourceTree = "<group>"; };
		040B98E9233A035000BE752B /* Info.plist */ = {isa = PBXFileReference; lastKnownFileType = text.plist.xml; path = Info.plist; sourceTree = "<group>"; };
		040B98EA233A035000BE752B /* main.m */ = {isa = PBXFileReference; lastKnownFileType = sourcecode.c.objc; path = main.m; sourceTree = "<group>"; };
		040B9913233A03E600BE752B /* Constants.h */ = {isa = PBXFileReference; lastKnownFileType = sourcecode.c.h; path = Constants.h; sourceTree = "<group>"; };
		040B9914233A03E600BE752B /* Constants.m */ = {isa = PBXFileReference; lastKnownFileType = sourcecode.c.objc; path = Constants.m; sourceTree = "<group>"; };
		040B9916233A087700BE752B /* SentImagesVC.h */ = {isa = PBXFileReference; lastKnownFileType = sourcecode.c.h; path = SentImagesVC.h; sourceTree = "<group>"; };
		040B9917233A087700BE752B /* SentImagesVC.m */ = {isa = PBXFileReference; lastKnownFileType = sourcecode.c.objc; path = SentImagesVC.m; sourceTree = "<group>"; };
		040B991D233A241D00BE752B /* ImagesCollectionCell.h */ = {isa = PBXFileReference; lastKnownFileType = sourcecode.c.h; path = ImagesCollectionCell.h; sourceTree = "<group>"; };
		040B991E233A241D00BE752B /* ImagesCollectionCell.m */ = {isa = PBXFileReference; lastKnownFileType = sourcecode.c.objc; path = ImagesCollectionCell.m; sourceTree = "<group>"; };
		040D2A7F233B40120077AF5C /* QuartzCore.framework */ = {isa = PBXFileReference; lastKnownFileType = wrapper.framework; name = QuartzCore.framework; path = System/Library/Frameworks/QuartzCore.framework; sourceTree = SDKROOT; };
		040D2A81233B40180077AF5C /* Security.framework */ = {isa = PBXFileReference; lastKnownFileType = wrapper.framework; name = Security.framework; path = System/Library/Frameworks/Security.framework; sourceTree = SDKROOT; };
		1698D6CE6F808CFFE20E380D /* Pods-Upload-DemoTests.debug.xcconfig */ = {isa = PBXFileReference; includeInIndex = 1; lastKnownFileType = text.xcconfig; name = "Pods-Upload-DemoTests.debug.xcconfig"; path = "Target Support Files/Pods-Upload-DemoTests/Pods-Upload-DemoTests.debug.xcconfig"; sourceTree = "<group>"; };
		3EB643D4EE77DD019BBF4EB5 /* Pods_Upload_DemoUITests.framework */ = {isa = PBXFileReference; explicitFileType = wrapper.framework; includeInIndex = 0; path = Pods_Upload_DemoUITests.framework; sourceTree = BUILT_PRODUCTS_DIR; };
		4F36E4152C96DE5982A25E4E /* Pods-Upload-DemoTests.release.xcconfig */ = {isa = PBXFileReference; includeInIndex = 1; lastKnownFileType = text.xcconfig; name = "Pods-Upload-DemoTests.release.xcconfig"; path = "Target Support Files/Pods-Upload-DemoTests/Pods-Upload-DemoTests.release.xcconfig"; sourceTree = "<group>"; };
		540BCBF235D50FE5EA320FA0 /* Pods-Upload-DemoUITests.release.xcconfig */ = {isa = PBXFileReference; includeInIndex = 1; lastKnownFileType = text.xcconfig; name = "Pods-Upload-DemoUITests.release.xcconfig"; path = "Target Support Files/Pods-Upload-DemoUITests/Pods-Upload-DemoUITests.release.xcconfig"; sourceTree = "<group>"; };
		6558C0F14F8AE06A16A20650 /* Pods-Upload-DemoUITests.debug.xcconfig */ = {isa = PBXFileReference; includeInIndex = 1; lastKnownFileType = text.xcconfig; name = "Pods-Upload-DemoUITests.debug.xcconfig"; path = "Target Support Files/Pods-Upload-DemoUITests/Pods-Upload-DemoUITests.debug.xcconfig"; sourceTree = "<group>"; };
		7751D15D233CDD6900761074 /* NSFileManager+Temp.h */ = {isa = PBXFileReference; lastKnownFileType = sourcecode.c.h; path = "NSFileManager+Temp.h"; sourceTree = "<group>"; };
		7751D15E233CDD6900761074 /* NSFileManager+Temp.m */ = {isa = PBXFileReference; lastKnownFileType = sourcecode.c.objc; path = "NSFileManager+Temp.m"; sourceTree = "<group>"; };
		89D200C69B7EDF9938CD9555 /* Pods-Upload-Demo.debug.xcconfig */ = {isa = PBXFileReference; includeInIndex = 1; lastKnownFileType = text.xcconfig; name = "Pods-Upload-Demo.debug.xcconfig"; path = "Target Support Files/Pods-Upload-Demo/Pods-Upload-Demo.debug.xcconfig"; sourceTree = "<group>"; };
		8C593F773310393476EBA32F /* Pods_Upload_Demo.framework */ = {isa = PBXFileReference; explicitFileType = wrapper.framework; includeInIndex = 0; path = Pods_Upload_Demo.framework; sourceTree = BUILT_PRODUCTS_DIR; };
		A0282B3B3EC00D6676EE2B0D /* Pods_Upload_DemoTests.framework */ = {isa = PBXFileReference; explicitFileType = wrapper.framework; includeInIndex = 0; path = Pods_Upload_DemoTests.framework; sourceTree = BUILT_PRODUCTS_DIR; };
/* End PBXFileReference section */

/* Begin PBXFrameworksBuildPhase section */
		040B98D2233A034F00BE752B /* Frameworks */ = {
			isa = PBXFrameworksBuildPhase;
			buildActionMask = 2147483647;
			files = (
				040D2A82233B40190077AF5C /* Security.framework in Frameworks */,
				040D2A80233B40120077AF5C /* QuartzCore.framework in Frameworks */,
				F58A12E7597407CD68D2A725 /* Pods_Upload_Demo.framework in Frameworks */,
			);
			runOnlyForDeploymentPostprocessing = 0;
		};
/* End PBXFrameworksBuildPhase section */

/* Begin PBXGroup section */
		040B98CC233A034F00BE752B = {
			isa = PBXGroup;
			children = (
				040B98D7233A034F00BE752B /* Upload-Demo */,
				040B98D6233A034F00BE752B /* Products */,
				8BD28D34E3ED7D720ABD43CF /* Pods */,
				AFB3C4F427EC208F06B58B82 /* Frameworks */,
			);
			sourceTree = "<group>";
		};
		040B98D6233A034F00BE752B /* Products */ = {
			isa = PBXGroup;
			children = (
				040B98D5233A034F00BE752B /* Upload-Demo.app */,
			);
			name = Products;
			sourceTree = "<group>";
		};
		040B98D7233A034F00BE752B /* Upload-Demo */ = {
			isa = PBXGroup;
			children = (
				040B9911233A038000BE752B /* AppDelegate */,
				040B9912233A038700BE752B /* Helper */,
				040B9910233A037900BE752B /* ViewControllers */,
				040B990F233A037000BE752B /* StoryBoard */,
				040B990E233A036300BE752B /* Resources */,
			);
			path = "Upload-Demo";
			sourceTree = "<group>";
		};
		040B990E233A036300BE752B /* Resources */ = {
			isa = PBXGroup;
			children = (
				040B98E4233A035000BE752B /* Assets.xcassets */,
				040B98E9233A035000BE752B /* Info.plist */,
				040B98EA233A035000BE752B /* main.m */,
			);
			path = Resources;
			sourceTree = "<group>";
		};
		040B990F233A037000BE752B /* StoryBoard */ = {
			isa = PBXGroup;
			children = (
				040B98DE233A034F00BE752B /* Main.storyboard */,
				040B98E6233A035000BE752B /* LaunchScreen.storyboard */,
			);
			path = StoryBoard;
			sourceTree = "<group>";
		};
		040B9910233A037900BE752B /* ViewControllers */ = {
			isa = PBXGroup;
			children = (
				040B991C233A23FC00BE752B /* CollectionCell */,
				040B98DB233A034F00BE752B /* ViewController.h */,
				040B98DC233A034F00BE752B /* ViewController.m */,
				040B9916233A087700BE752B /* SentImagesVC.h */,
				040B9917233A087700BE752B /* SentImagesVC.m */,
			);
			path = ViewControllers;
			sourceTree = "<group>";
		};
		040B9911233A038000BE752B /* AppDelegate */ = {
			isa = PBXGroup;
			children = (
				040B98D8233A034F00BE752B /* AppDelegate.h */,
				040B98D9233A034F00BE752B /* AppDelegate.m */,
			);
			path = AppDelegate;
			sourceTree = "<group>";
		};
		040B9912233A038700BE752B /* Helper */ = {
			isa = PBXGroup;
			children = (
				040B9913233A03E600BE752B /* Constants.h */,
				040B9914233A03E600BE752B /* Constants.m */,
				7751D15D233CDD6900761074 /* NSFileManager+Temp.h */,
				7751D15E233CDD6900761074 /* NSFileManager+Temp.m */,
			);
			path = Helper;
			sourceTree = "<group>";
		};
		040B991C233A23FC00BE752B /* CollectionCell */ = {
			isa = PBXGroup;
			children = (
				040B991D233A241D00BE752B /* ImagesCollectionCell.h */,
				040B991E233A241D00BE752B /* ImagesCollectionCell.m */,
			);
			path = CollectionCell;
			sourceTree = "<group>";
		};
		8BD28D34E3ED7D720ABD43CF /* Pods */ = {
			isa = PBXGroup;
			children = (
				89D200C69B7EDF9938CD9555 /* Pods-Upload-Demo.debug.xcconfig */,
				0073FB5AC9D299AC7741785C /* Pods-Upload-Demo.release.xcconfig */,
				1698D6CE6F808CFFE20E380D /* Pods-Upload-DemoTests.debug.xcconfig */,
				4F36E4152C96DE5982A25E4E /* Pods-Upload-DemoTests.release.xcconfig */,
				6558C0F14F8AE06A16A20650 /* Pods-Upload-DemoUITests.debug.xcconfig */,
				540BCBF235D50FE5EA320FA0 /* Pods-Upload-DemoUITests.release.xcconfig */,
			);
			path = Pods;
			sourceTree = "<group>";
		};
		AFB3C4F427EC208F06B58B82 /* Frameworks */ = {
			isa = PBXGroup;
			children = (
				040D2A81233B40180077AF5C /* Security.framework */,
				040D2A7F233B40120077AF5C /* QuartzCore.framework */,
				8C593F773310393476EBA32F /* Pods_Upload_Demo.framework */,
				A0282B3B3EC00D6676EE2B0D /* Pods_Upload_DemoTests.framework */,
				3EB643D4EE77DD019BBF4EB5 /* Pods_Upload_DemoUITests.framework */,
			);
			name = Frameworks;
			sourceTree = "<group>";
		};
/* End PBXGroup section */

/* Begin PBXNativeTarget section */
		040B98D4233A034F00BE752B /* Upload-Demo */ = {
			isa = PBXNativeTarget;
			buildConfigurationList = 040B9904233A035000BE752B /* Build configuration list for PBXNativeTarget "Upload-Demo" */;
			buildPhases = (
				08BE3C8F29A8C9E46EC6DA7D /* [CP] Check Pods Manifest.lock */,
				040B98D1233A034F00BE752B /* Sources */,
				040B98D2233A034F00BE752B /* Frameworks */,
				040B98D3233A034F00BE752B /* Resources */,
				6EC2386AC3C254F00F1FF542 /* [CP] Embed Pods Frameworks */,
			);
			buildRules = (
			);
			dependencies = (
			);
			name = "Upload-Demo";
			productName = "Upload-Demo";
			productReference = 040B98D5233A034F00BE752B /* Upload-Demo.app */;
			productType = "com.apple.product-type.application";
		};
/* End PBXNativeTarget section */

/* Begin PBXProject section */
		040B98CD233A034F00BE752B /* Project object */ = {
			isa = PBXProject;
			attributes = {
				LastUpgradeCheck = 1010;
				ORGANIZATIONNAME = "Shrejas Chandel";
				TargetAttributes = {
					040B98D4233A034F00BE752B = {
						CreatedOnToolsVersion = 10.1;
					};
				};
			};
			buildConfigurationList = 040B98D0233A034F00BE752B /* Build configuration list for PBXProject "Upload-Demo" */;
			compatibilityVersion = "Xcode 9.3";
			developmentRegion = en;
			hasScannedForEncodings = 0;
			knownRegions = (
				en,
				Base,
			);
			mainGroup = 040B98CC233A034F00BE752B;
			productRefGroup = 040B98D6233A034F00BE752B /* Products */;
			projectDirPath = "";
			projectRoot = "";
			targets = (
				040B98D4233A034F00BE752B /* Upload-Demo */,
			);
		};
/* End PBXProject section */

/* Begin PBXResourcesBuildPhase section */
		040B98D3233A034F00BE752B /* Resources */ = {
			isa = PBXResourcesBuildPhase;
			buildActionMask = 2147483647;
			files = (
				040B98E8233A035000BE752B /* LaunchScreen.storyboard in Resources */,
				040B98E5233A035000BE752B /* Assets.xcassets in Resources */,
				040B98E0233A034F00BE752B /* Main.storyboard in Resources */,
			);
			runOnlyForDeploymentPostprocessing = 0;
		};
/* End PBXResourcesBuildPhase section */

/* Begin PBXShellScriptBuildPhase section */
		08BE3C8F29A8C9E46EC6DA7D /* [CP] Check Pods Manifest.lock */ = {
			isa = PBXShellScriptBuildPhase;
			buildActionMask = 2147483647;
			files = (
			);
			inputFileListPaths = (
			);
			inputPaths = (
				"${PODS_PODFILE_DIR_PATH}/Podfile.lock",
				"${PODS_ROOT}/Manifest.lock",
			);
			name = "[CP] Check Pods Manifest.lock";
			outputFileListPaths = (
			);
			outputPaths = (
				"$(DERIVED_FILE_DIR)/Pods-Upload-Demo-checkManifestLockResult.txt",
			);
			runOnlyForDeploymentPostprocessing = 0;
			shellPath = /bin/sh;
			shellScript = "diff \"${PODS_PODFILE_DIR_PATH}/Podfile.lock\" \"${PODS_ROOT}/Manifest.lock\" > /dev/null\nif [ $? != 0 ] ; then\n    # print error to STDERR\n    echo \"error: The sandbox is not in sync with the Podfile.lock. Run 'pod install' or update your CocoaPods installation.\" >&2\n    exit 1\nfi\n# This output is used by Xcode 'outputs' to avoid re-running this script phase.\necho \"SUCCESS\" > \"${SCRIPT_OUTPUT_FILE_0}\"\n";
			showEnvVarsInLog = 0;
		};
		6EC2386AC3C254F00F1FF542 /* [CP] Embed Pods Frameworks */ = {
			isa = PBXShellScriptBuildPhase;
			buildActionMask = 2147483647;
			files = (
			);
			inputFileListPaths = (
				"${PODS_ROOT}/Target Support Files/Pods-Upload-Demo/Pods-Upload-Demo-frameworks-${CONFIGURATION}-input-files.xcfilelist",
			);
			name = "[CP] Embed Pods Frameworks";
			outputFileListPaths = (
				"${PODS_ROOT}/Target Support Files/Pods-Upload-Demo/Pods-Upload-Demo-frameworks-${CONFIGURATION}-output-files.xcfilelist",
			);
			runOnlyForDeploymentPostprocessing = 0;
			shellPath = /bin/sh;
			shellScript = "\"${PODS_ROOT}/Target Support Files/Pods-Upload-Demo/Pods-Upload-Demo-frameworks.sh\"\n";
			showEnvVarsInLog = 0;
		};
/* End PBXShellScriptBuildPhase section */

/* Begin PBXSourcesBuildPhase section */
		040B98D1233A034F00BE752B /* Sources */ = {
			isa = PBXSourcesBuildPhase;
			buildActionMask = 2147483647;
			files = (
				040B9918233A087700BE752B /* SentImagesVC.m in Sources */,
				040B98DD233A034F00BE752B /* ViewController.m in Sources */,
				040B991F233A241D00BE752B /* ImagesCollectionCell.m in Sources */,
				040B98EB233A035000BE752B /* main.m in Sources */,
				7751D15F233CDD6900761074 /* NSFileManager+Temp.m in Sources */,
				77104E73233BAE6600E09C99 /* Constants.m in Sources */,
				040B98DA233A034F00BE752B /* AppDelegate.m in Sources */,
			);
			runOnlyForDeploymentPostprocessing = 0;
		};
/* End PBXSourcesBuildPhase section */

/* Begin PBXVariantGroup section */
		040B98DE233A034F00BE752B /* Main.storyboard */ = {
			isa = PBXVariantGroup;
			children = (
				040B98DF233A034F00BE752B /* Base */,
			);
			name = Main.storyboard;
			sourceTree = "<group>";
		};
		040B98E6233A035000BE752B /* LaunchScreen.storyboard */ = {
			isa = PBXVariantGroup;
			children = (
				040B98E7233A035000BE752B /* Base */,
			);
			name = LaunchScreen.storyboard;
			sourceTree = "<group>";
		};
/* End PBXVariantGroup section */

/* Begin XCBuildConfiguration section */
		040B9902233A035000BE752B /* Debug */ = {
			isa = XCBuildConfiguration;
			buildSettings = {
				ALWAYS_SEARCH_USER_PATHS = NO;
				CLANG_ANALYZER_NONNULL = YES;
				CLANG_ANALYZER_NUMBER_OBJECT_CONVERSION = YES_AGGRESSIVE;
				CLANG_CXX_LANGUAGE_STANDARD = "gnu++14";
				CLANG_CXX_LIBRARY = "libc++";
				CLANG_ENABLE_MODULES = YES;
				CLANG_ENABLE_OBJC_ARC = YES;
				CLANG_ENABLE_OBJC_WEAK = YES;
				CLANG_WARN_BLOCK_CAPTURE_AUTORELEASING = YES;
				CLANG_WARN_BOOL_CONVERSION = YES;
				CLANG_WARN_COMMA = YES;
				CLANG_WARN_CONSTANT_CONVERSION = YES;
				CLANG_WARN_DEPRECATED_OBJC_IMPLEMENTATIONS = YES;
				CLANG_WARN_DIRECT_OBJC_ISA_USAGE = YES_ERROR;
				CLANG_WARN_DOCUMENTATION_COMMENTS = YES;
				CLANG_WARN_EMPTY_BODY = YES;
				CLANG_WARN_ENUM_CONVERSION = YES;
				CLANG_WARN_INFINITE_RECURSION = YES;
				CLANG_WARN_INT_CONVERSION = YES;
				CLANG_WARN_NON_LITERAL_NULL_CONVERSION = YES;
				CLANG_WARN_OBJC_IMPLICIT_RETAIN_SELF = YES;
				CLANG_WARN_OBJC_LITERAL_CONVERSION = YES;
				CLANG_WARN_OBJC_ROOT_CLASS = YES_ERROR;
				CLANG_WARN_RANGE_LOOP_ANALYSIS = YES;
				CLANG_WARN_STRICT_PROTOTYPES = YES;
				CLANG_WARN_SUSPICIOUS_MOVE = YES;
				CLANG_WARN_UNGUARDED_AVAILABILITY = YES_AGGRESSIVE;
				CLANG_WARN_UNREACHABLE_CODE = YES;
				CLANG_WARN__DUPLICATE_METHOD_MATCH = YES;
				CODE_SIGN_IDENTITY = "iPhone Developer";
				COPY_PHASE_STRIP = NO;
				DEBUG_INFORMATION_FORMAT = dwarf;
				ENABLE_STRICT_OBJC_MSGSEND = YES;
				ENABLE_TESTABILITY = YES;
				GCC_C_LANGUAGE_STANDARD = gnu11;
				GCC_DYNAMIC_NO_PIC = NO;
				GCC_NO_COMMON_BLOCKS = YES;
				GCC_OPTIMIZATION_LEVEL = 0;
				GCC_PREPROCESSOR_DEFINITIONS = (
					"DEBUG=1",
					"$(inherited)",
				);
				GCC_WARN_64_TO_32_BIT_CONVERSION = YES;
				GCC_WARN_ABOUT_RETURN_TYPE = YES_ERROR;
				GCC_WARN_UNDECLARED_SELECTOR = YES;
				GCC_WARN_UNINITIALIZED_AUTOS = YES_AGGRESSIVE;
				GCC_WARN_UNUSED_FUNCTION = YES;
				GCC_WARN_UNUSED_VARIABLE = YES;
				IPHONEOS_DEPLOYMENT_TARGET = 12.1;
				MTL_ENABLE_DEBUG_INFO = INCLUDE_SOURCE;
				MTL_FAST_MATH = YES;
				ONLY_ACTIVE_ARCH = YES;
				SDKROOT = iphoneos;
			};
			name = Debug;
		};
		040B9903233A035000BE752B /* Release */ = {
			isa = XCBuildConfiguration;
			buildSettings = {
				ALWAYS_SEARCH_USER_PATHS = NO;
				CLANG_ANALYZER_NONNULL = YES;
				CLANG_ANALYZER_NUMBER_OBJECT_CONVERSION = YES_AGGRESSIVE;
				CLANG_CXX_LANGUAGE_STANDARD = "gnu++14";
				CLANG_CXX_LIBRARY = "libc++";
				CLANG_ENABLE_MODULES = YES;
				CLANG_ENABLE_OBJC_ARC = YES;
				CLANG_ENABLE_OBJC_WEAK = YES;
				CLANG_WARN_BLOCK_CAPTURE_AUTORELEASING = YES;
				CLANG_WARN_BOOL_CONVERSION = YES;
				CLANG_WARN_COMMA = YES;
				CLANG_WARN_CONSTANT_CONVERSION = YES;
				CLANG_WARN_DEPRECATED_OBJC_IMPLEMENTATIONS = YES;
				CLANG_WARN_DIRECT_OBJC_ISA_USAGE = YES_ERROR;
				CLANG_WARN_DOCUMENTATION_COMMENTS = YES;
				CLANG_WARN_EMPTY_BODY = YES;
				CLANG_WARN_ENUM_CONVERSION = YES;
				CLANG_WARN_INFINITE_RECURSION = YES;
				CLANG_WARN_INT_CONVERSION = YES;
				CLANG_WARN_NON_LITERAL_NULL_CONVERSION = YES;
				CLANG_WARN_OBJC_IMPLICIT_RETAIN_SELF = YES;
				CLANG_WARN_OBJC_LITERAL_CONVERSION = YES;
				CLANG_WARN_OBJC_ROOT_CLASS = YES_ERROR;
				CLANG_WARN_RANGE_LOOP_ANALYSIS = YES;
				CLANG_WARN_STRICT_PROTOTYPES = YES;
				CLANG_WARN_SUSPICIOUS_MOVE = YES;
				CLANG_WARN_UNGUARDED_AVAILABILITY = YES_AGGRESSIVE;
				CLANG_WARN_UNREACHABLE_CODE = YES;
				CLANG_WARN__DUPLICATE_METHOD_MATCH = YES;
				CODE_SIGN_IDENTITY = "iPhone Developer";
				COPY_PHASE_STRIP = NO;
				DEBUG_INFORMATION_FORMAT = "dwarf-with-dsym";
				ENABLE_NS_ASSERTIONS = NO;
				ENABLE_STRICT_OBJC_MSGSEND = YES;
				GCC_C_LANGUAGE_STANDARD = gnu11;
				GCC_NO_COMMON_BLOCKS = YES;
				GCC_WARN_64_TO_32_BIT_CONVERSION = YES;
				GCC_WARN_ABOUT_RETURN_TYPE = YES_ERROR;
				GCC_WARN_UNDECLARED_SELECTOR = YES;
				GCC_WARN_UNINITIALIZED_AUTOS = YES_AGGRESSIVE;
				GCC_WARN_UNUSED_FUNCTION = YES;
				GCC_WARN_UNUSED_VARIABLE = YES;
				IPHONEOS_DEPLOYMENT_TARGET = 12.1;
				MTL_ENABLE_DEBUG_INFO = NO;
				MTL_FAST_MATH = YES;
				SDKROOT = iphoneos;
				VALIDATE_PRODUCT = YES;
			};
			name = Release;
		};
		040B9905233A035000BE752B /* Debug */ = {
			isa = XCBuildConfiguration;
			baseConfigurationReference = 89D200C69B7EDF9938CD9555 /* Pods-Upload-Demo.debug.xcconfig */;
			buildSettings = {
				ASSETCATALOG_COMPILER_APPICON_NAME = AppIcon;
				CODE_SIGN_IDENTITY = "iPhone Developer";
				CODE_SIGN_STYLE = Manual;
				DEVELOPMENT_TEAM = 7UUTF6T5P9;
				INFOPLIST_FILE = "$(SRCROOT)/Upload-Demo/Resources/Info.plist";
				IPHONEOS_DEPLOYMENT_TARGET = 11.0;
				LD_RUNPATH_SEARCH_PATHS = (
					"$(inherited)",
					"@executable_path/Frameworks",
				);
				PRODUCT_BUNDLE_IDENTIFIER = "com.infoenumapps.Upload-Demo";
				PRODUCT_NAME = "$(TARGET_NAME)";
				PROVISIONING_PROFILE_SPECIFIER = infoenumapps;
				TARGETED_DEVICE_FAMILY = 1;
			};
			name = Debug;
		};
		040B9906233A035000BE752B /* Release */ = {
			isa = XCBuildConfiguration;
			baseConfigurationReference = 0073FB5AC9D299AC7741785C /* Pods-Upload-Demo.release.xcconfig */;
			buildSettings = {
				ASSETCATALOG_COMPILER_APPICON_NAME = AppIcon;
				CODE_SIGN_IDENTITY = "iPhone Developer";
				CODE_SIGN_STYLE = Manual;
				DEVELOPMENT_TEAM = 7UUTF6T5P9;
				INFOPLIST_FILE = "$(SRCROOT)/Upload-Demo/Resources/Info.plist";
				IPHONEOS_DEPLOYMENT_TARGET = 11.0;
				LD_RUNPATH_SEARCH_PATHS = (
					"$(inherited)",
					"@executable_path/Frameworks",
				);
				PRODUCT_BUNDLE_IDENTIFIER = "com.infoenumapps.Upload-Demo";
				PRODUCT_NAME = "$(TARGET_NAME)";
				PROVISIONING_PROFILE_SPECIFIER = infoenumapps;
				TARGETED_DEVICE_FAMILY = 1;
			};
			name = Release;
		};
/* End XCBuildConfiguration section */

/* Begin XCConfigurationList section */
		040B98D0233A034F00BE752B /* Build configuration list for PBXProject "Upload-Demo" */ = {
			isa = XCConfigurationList;
			buildConfigurations = (
				040B9902233A035000BE752B /* Debug */,
				040B9903233A035000BE752B /* Release */,
			);
			defaultConfigurationIsVisible = 0;
			defaultConfigurationName = Release;
		};
		040B9904233A035000BE752B /* Build configuration list for PBXNativeTarget "Upload-Demo" */ = {
			isa = XCConfigurationList;
			buildConfigurations = (
				040B9905233A035000BE752B /* Debug */,
				040B9906233A035000BE752B /* Release */,
			);
			defaultConfigurationIsVisible = 0;
			defaultConfigurationName = Release;
		};
/* End XCConfigurationList section */
	};
	rootObject = 040B98CD233A034F00BE752B /* Project object */;
}
